
Microsoft Visual Studio Solution File, Format Version 12.00
# Visual Studio Version 16
VisualStudioVersion = 25.0.1705.0
MinimumVisualStudioVersion = 10.0.40219.1
Project("{FAE04EC0-301F-11D3-BF4B-00C04F79EFBC}") = "ab.Android", "ab\ab.Android\ab.Android.csproj", "{5CFF7EA6-563B-4BF3-A366-96487A6F8C91}"
EndProject
Project("{FAE04EC0-301F-11D3-BF4B-00C04F79EFBC}") = "ab.iOS", "ab\ab.iOS\ab.iOS.csproj", "{E2FE5E76-54B2-4536-AC53-7A1AF64F8D06}"
EndProject
Project("{FAE04EC0-301F-11D3-BF4B-00C04F79EFBC}") = "ab", "ab\ab\ab.csproj", "{D39D506A-8B7F-48E9-AB65-C0921A5AF38C}"
EndProject
Global
	GlobalSection(SolutionConfigurationPlatforms) = preSolution
		Debug|Any CPU = Debug|Any CPU
		Release|Any CPU = Release|Any CPU
		Debug|iPhoneSimulator = Debug|iPhoneSimulator
		Release|iPhoneSimulator = Release|iPhoneSimulator
		Debug|iPhone = Debug|iPhone
		Release|iPhone = Release|iPhone
	EndGlobalSection
	GlobalSection(ProjectConfigurationPlatforms) = postSolution
		{5CFF7EA6-563B-4BF3-A366-96487A6F8C91}.Debug|Any CPU.ActiveCfg = Debug|Any CPU
		{5CFF7EA6-563B-4BF3-A366-96487A6F8C91}.Debug|Any CPU.Build.0 = Debug|Any CPU
		{5CFF7EA6-563B-4BF3-A366-96487A6F8C91}.Release|Any CPU.ActiveCfg = Release|Any CPU
		{5CFF7EA6-563B-4BF3-A366-96487A6F8C91}.Release|Any CPU.Build.0 = Release|Any CPU
		{5CFF7EA6-563B-4BF3-A366-96487A6F8C91}.Debug|iPhoneSimulator.ActiveCfg = Debug|Any CPU
		{5CFF7EA6-563B-4BF3-A366-96487A6F8C91}.Debug|iPhoneSimulator.Build.0 = Debug|Any CPU
		{5CFF7EA6-563B-4BF3-A366-96487A6F8C91}.Release|iPhoneSimulator.ActiveCfg = Release|Any CPU
		{5CFF7EA6-563B-4BF3-A366-96487A6F8C91}.Release|iPhoneSimulator.Build.0 = Release|Any CPU
		{5CFF7EA6-563B-4BF3-A366-96487A6F8C91}.Debug|iPhone.ActiveCfg = Debug|Any CPU
		{5CFF7EA6-563B-4BF3-A366-96487A6F8C91}.Debug|iPhone.Build.0 = Debug|Any CPU
		{5CFF7EA6-563B-4BF3-A366-96487A6F8C91}.Release|iPhone.ActiveCfg = Release|Any CPU
		{5CFF7EA6-563B-4BF3-A366-96487A6F8C91}.Release|iPhone.Build.0 = Release|Any CPU
		{E2FE5E76-54B2-4536-AC53-7A1AF64F8D06}.Debug|Any CPU.ActiveCfg = Debug|iPhoneSimulator
		{E2FE5E76-54B2-4536-AC53-7A1AF64F8D06}.Debug|Any CPU.Build.0 = Debug|iPhoneSimulator
		{E2FE5E76-54B2-4536-AC53-7A1AF64F8D06}.Release|Any CPU.ActiveCfg = Release|iPhoneSimulator
		{E2FE5E76-54B2-4536-AC53-7A1AF64F8D06}.Release|Any CPU.Build.0 = Release|iPhoneSimulator
		{E2FE5E76-54B2-4536-AC53-7A1AF64F8D06}.Debug|iPhoneSimulator.ActiveCfg = Debug|iPhoneSimulator
		{E2FE5E76-54B2-4536-AC53-7A1AF64F8D06}.Debug|iPhoneSimulator.Build.0 = Debug|iPhoneSimulator
		{E2FE5E76-54B2-4536-AC53-7A1AF64F8D06}.Release|iPhoneSimulator.ActiveCfg = Release|iPhoneSimulator
		{E2FE5E76-54B2-4536-AC53-7A1AF64F8D06}.Release|iPhoneSimulator.Build.0 = Release|iPhoneSimulator
		{E2FE5E76-54B2-4536-AC53-7A1AF64F8D06}.Debug|iPhone.ActiveCfg = Debug|iPhone
		{E2FE5E76-54B2-4536-AC53-7A1AF64F8D06}.Debug|iPhone.Build.0 = Debug|iPhone
		{E2FE5E76-54B2-4536-AC53-7A1AF64F8D06}.Release|iPhone.ActiveCfg = Release|iPhone
		{E2FE5E76-54B2-4536-AC53-7A1AF64F8D06}.Release|iPhone.Build.0 = Release|iPhone
		{D39D506A-8B7F-48E9-AB65-C0921A5AF38C}.Debug|Any CPU.ActiveCfg = Debug|Any CPU
		{D39D506A-8B7F-48E9-AB65-C0921A5AF38C}.Debug|Any CPU.Build.0 = Debug|Any CPU
		{D39D506A-8B7F-48E9-AB65-C0921A5AF38C}.Release|Any CPU.ActiveCfg = Release|Any CPU
		{D39D506A-8B7F-48E9-AB65-C0921A5AF38C}.Release|Any CPU.Build.0 = Release|Any CPU
		{D39D506A-8B7F-48E9-AB65-C0921A5AF38C}.Debug|iPhoneSimulator.ActiveCfg = Debug|Any CPU
		{D39D506A-8B7F-48E9-AB65-C0921A5AF38C}.Debug|iPhoneSimulator.Build.0 = Debug|Any CPU
		{D39D506A-8B7F-48E9-AB65-C0921A5AF38C}.Release|iPhoneSimulator.ActiveCfg = Release|Any CPU
		{D39D506A-8B7F-48E9-AB65-C0921A5AF38C}.Release|iPhoneSimulator.Build.0 = Release|Any CPU
		{D39D506A-8B7F-48E9-AB65-C0921A5AF38C}.Debug|iPhone.ActiveCfg = Debug|Any CPU
		{D39D506A-8B7F-48E9-AB65-C0921A5AF38C}.Debug|iPhone.Build.0 = Debug|Any CPU
		{D39D506A-8B7F-48E9-AB65-C0921A5AF38C}.Release|iPhone.ActiveCfg = Release|Any CPU
		{D39D506A-8B7F-48E9-AB65-C0921A5AF38C}.Release|iPhone.Build.0 = Release|Any CPU
	EndGlobalSection
	GlobalSection(SolutionProperties) = preSolution
		HideSolutionNode = FALSE
	EndGlobalSection
	GlobalSection(ExtensibilityGlobals) = postSolution
		SolutionGuid = {0FF23B89-D37A-4BEF-A3E1-786ECFCE4F16}
	EndGlobalSection
EndGlobal
